
Microsoft Visual Studio Solution File, Format Version 12.00
# Visual Studio Version 17
VisualStudioVersion = 17.9.34607.119
MinimumVisualStudioVersion = 10.0.40219.1
Project("{8BC9CEB8-8B4A-11D0-8D11-00A0C91BC942}") = "Registrar_estudiantes_prueba", "Registrar_estudiantes_prueba.vcxproj", "{E979B44C-32EE-414B-89B7-4190B62C68AB}"
EndProject
Global
	GlobalSection(SolutionConfigurationPlatforms) = preSolution
		Debug|x64 = Debug|x64
		Debug|x86 = Debug|x86
		Release|x64 = Release|x64
		Release|x86 = Release|x86
	EndGlobalSection
	GlobalSection(ProjectConfigurationPlatforms) = postSolution
		{E979B44C-32EE-414B-89B7-4190B62C68AB}.Debug|x64.ActiveCfg = Debug|x64
		{E979B44C-32EE-414B-89B7-4190B62C68AB}.Debug|x64.Build.0 = Debug|x64
		{E979B44C-32EE-414B-89B7-4190B62C68AB}.Debug|x86.ActiveCfg = Debug|Win32
		{E979B44C-32EE-414B-89B7-4190B62C68AB}.Debug|x86.Build.0 = Debug|Win32
		{E979B44C-32EE-414B-89B7-4190B62C68AB}.Release|x64.ActiveCfg = Release|x64
		{E979B44C-32EE-414B-89B7-4190B62C68AB}.Release|x64.Build.0 = Release|x64
		{E979B44C-32EE-414B-89B7-4190B62C68AB}.Release|x86.ActiveCfg = Release|Win32
		{E979B44C-32EE-414B-89B7-4190B62C68AB}.Release|x86.Build.0 = Release|Win32
	EndGlobalSection
	GlobalSection(SolutionProperties) = preSolution
		HideSolutionNode = FALSE
	EndGlobalSection
	GlobalSection(ExtensibilityGlobals) = postSolution
		SolutionGuid = {3EB37D72-CC1B-4C79-864F-F1C2F2307636}
	EndGlobalSection
EndGlobal
